
Microsoft Visual Studio Solution File, Format Version 12.00
# Visual Studio 15
VisualStudioVersion = 15.0.28010.2041
MinimumVisualStudioVersion = 10.0.40219.1
Project("{8BC9CEB8-8B4A-11D0-8D11-00A0C91BC942}") = "zombis", "zombis\zombis.vcxproj", "{8A4625C3-4312-48CA-8D54-B46F24A84C79}"
EndProject
Global
	GlobalSection(SolutionConfigurationPlatforms) = preSolution
		Debug|x64 = Debug|x64
		Debug|x86 = Debug|x86
		Release|x64 = Release|x64
		Release|x86 = Release|x86
	EndGlobalSection
	GlobalSection(ProjectConfigurationPlatforms) = postSolution
		{8A4625C3-4312-48CA-8D54-B46F24A84C79}.Debug|x64.ActiveCfg = Debug|x64
		{8A4625C3-4312-48CA-8D54-B46F24A84C79}.Debug|x64.Build.0 = Debug|x64
		{8A4625C3-4312-48CA-8D54-B46F24A84C79}.Debug|x86.ActiveCfg = Debug|Win32
		{8A4625C3-4312-48CA-8D54-B46F24A84C79}.Debug|x86.Build.0 = Debug|Win32
		{8A4625C3-4312-48CA-8D54-B46F24A84C79}.Release|x64.ActiveCfg = Release|x64
		{8A4625C3-4312-48CA-8D54-B46F24A84C79}.Release|x64.Build.0 = Release|x64
		{8A4625C3-4312-48CA-8D54-B46F24A84C79}.Release|x86.ActiveCfg = Release|Win32
		{8A4625C3-4312-48CA-8D54-B46F24A84C79}.Release|x86.Build.0 = Release|Win32
	EndGlobalSection
	GlobalSection(SolutionProperties) = preSolution
		HideSolutionNode = FALSE
	EndGlobalSection
	GlobalSection(ExtensibilityGlobals) = postSolution
		SolutionGuid = {23A11BF1-08E9-495D-8E84-3058A6106554}
	EndGlobalSection
EndGlobal
